{
  "name": "blaze-to-react",
  "version": "1.0.0",
  "lockfileVersion": 1,
  "requires": true,
  "dependencies": {
    "@glimmer/syntax": {
      "version": "file:../glimmer-vm/dist/@glimmer/syntax",
      "requires": {
        "@glimmer/interfaces": "^0.38.4",
        "@glimmer/util": "^0.38.4",
        "handlebars": "^4.0.6",
        "simple-html-tokenizer": "^0.5.6"
      },
      "dependencies": {
        "@glimmer/interfaces": {
          "version": "0.38.4",
          "requires": {
            "@glimmer/wire-format": "^0.38.4",
            "@simple-dom/interface": "1.4.0"
          },
          "dependencies": {
            "@glimmer/test-helpers": {
              "version": "0.38.4"
            },
            "@glimmer/util": {
              "version": "0.38.4",
              "resolved": "https://registry.npmjs.org/@glimmer/util/-/util-0.38.4.tgz",
              "integrity": "sha512-qFU96hAcDjK3ZD8lVJMB+FOJjCm+qZydiUICDj/CYTx82bSOfkzpHLNQ5OivJpsVl1+jFqJolQwrjqFC1bQJHA=="
            },
            "@glimmer/wire-format": {
              "version": "0.38.4",
              "resolved": "https://registry.npmjs.org/@glimmer/wire-format/-/wire-format-0.38.4.tgz",
              "integrity": "sha512-1K8N+mbUtqJ1/MR+E/kDekC53HJNecU1i0TUAz5Vh24cvBcPCWP63YtwyCOxfnn7MLFdl8/QvHuo3+8Uxw+oVg==",
              "requires": {
                "@glimmer/util": "^0.38.4"
              }
            },
            "@simple-dom/interface": {
              "version": "1.4.0",
              "resolved": "https://registry.npmjs.org/@simple-dom/interface/-/interface-1.4.0.tgz",
              "integrity": "sha512-l5qumKFWU0S+4ZzMaLXFU8tQZsicHEMEyAxI5kDFGhJsRqDwe0a7/iPA/GdxlGyDKseQQAgIz5kzU7eXTrlSpA=="
            }
          }
        },
        "@glimmer/util": {
          "version": "0.38.4",
          "dependencies": {
            "@glimmer/test-helpers": {
              "version": "0.38.4"
            }
          }
        },
        "@types/handlebars": {
          "version": "4.1.0",
          "resolved": "https://registry.npmjs.org/@types/handlebars/-/handlebars-4.1.0.tgz",
          "integrity": "sha512-gq9YweFKNNB1uFK71eRqsd4niVkXrxHugqWFQkeLRJvGjnxsLr16bYtcsG4tOFwmYi0Bax+wCkbf1reUfdl4kA==",
          "requires": {
            "handlebars": "*"
          }
        },
        "@types/qunit": {
          "version": "2.9.1",
          "resolved": "https://registry.npmjs.org/@types/qunit/-/qunit-2.9.1.tgz",
          "integrity": "sha512-v51Fz/orMOkBGzrRvskky3UN0I81ka6rokAxkcuVyLHAh0qNKp+Roqympg/gTia8vGOIEbeSykevI0VKiIF13Q=="
        },
        "commander": {
          "version": "2.20.3",
          "resolved": "https://registry.npmjs.org/commander/-/commander-2.20.3.tgz",
          "integrity": "sha512-GpVkmM8vF2vQUkj2LvZmD35JxeJOLCwJ9cUkugyk2nuhbv3+mJvpLYYt+0+USMxE+oj+ey/lJEnhZw75x/OMcQ==",
          "optional": true
        },
        "handlebars": {
          "version": "4.7.6",
          "resolved": "https://registry.npmjs.org/handlebars/-/handlebars-4.7.6.tgz",
          "integrity": "sha512-1f2BACcBfiwAfStCKZNrUCgqNZkGsAT7UM3kkYtXuLo0KnaVfjKOyf7PRzB6++aK9STyT1Pd2ZCPe3EGOXleXA==",
          "requires": {
            "minimist": "^1.2.5",
            "neo-async": "^2.6.0",
            "source-map": "^0.6.1",
            "uglify-js": "^3.1.4",
            "wordwrap": "^1.0.0"
          }
        },
        "minimist": {
          "version": "1.2.5",
          "resolved": "https://registry.npmjs.org/minimist/-/minimist-1.2.5.tgz",
          "integrity": "sha512-FM9nNUYrRBAELZQT3xeZQ7fmMOBg6nWNmJKTcgsJeaLstP/UODVpGsr5OhXhhXg6f+qtJ8uiZ+PUxkDWcgIXLw=="
        },
        "neo-async": {
          "version": "2.6.1",
          "resolved": "https://registry.npmjs.org/neo-async/-/neo-async-2.6.1.tgz",
          "integrity": "sha512-iyam8fBuCUpWeKPGpaNMetEocMt364qkCsfL9JuhjXX6dRnguRVOfk2GZaDpPjcOKiiXCPINZC1GczQ7iTq3Zw=="
        },
        "simple-html-tokenizer": {
          "version": "0.5.9",
          "resolved": "https://registry.npmjs.org/simple-html-tokenizer/-/simple-html-tokenizer-0.5.9.tgz",
          "integrity": "sha512-w/3FEDN94r4JQ9WoYrIr8RqDIPZdyNkdpbK9glFady1CAEyD97XWCv8HFetQO21w81e7h7Nh59iYTyG1mUJftg=="
        },
        "source-map": {
          "version": "0.6.1",
          "resolved": "https://registry.npmjs.org/source-map/-/source-map-0.6.1.tgz",
          "integrity": "sha512-UjgapumWlbMhkBgzT7Ykc5YXUT46F0iKu8SGXq0bcwP5dz/h0Plj6enJqjz1Zbq2l5WaqYnrVbwWOWMyF3F47g=="
        },
        "typescript": {
          "version": "2.9.2",
          "resolved": "https://registry.npmjs.org/typescript/-/typescript-2.9.2.tgz",
          "integrity": "sha512-Gr4p6nFNaoufRIY4NMdpQRNmgxVIGMs4Fcu/ujdYk3nAZqk7supzBE9idmvfZIlH/Cuj//dvi+019qEue9lV0w=="
        },
        "uglify-js": {
          "version": "3.8.1",
          "resolved": "https://registry.npmjs.org/uglify-js/-/uglify-js-3.8.1.tgz",
          "integrity": "sha512-W7KxyzeaQmZvUFbGj4+YFshhVrMBGSg2IbcYAjGWGvx8DHvJMclbTDMpffdxFUGPBHjIytk7KJUR/KUXstUGDw==",
          "optional": true,
          "requires": {
            "commander": "~2.20.3",
            "source-map": "~0.6.1"
          }
        },
        "wordwrap": {
          "version": "1.0.0",
          "resolved": "https://registry.npmjs.org/wordwrap/-/wordwrap-1.0.0.tgz",
          "integrity": "sha1-J1hIEIkUVqQXHI0CJkQa3pDLyus="
        }
      }
    }
  }
}
